
Microsoft Visual Studio Solution File, Format Version 12.00
# Visual Studio Version 16
VisualStudioVersion = 16.0.30002.166
MinimumVisualStudioVersion = 10.0.40219.1
Project("{9A19103F-16F7-4668-BE54-9A1E7A4F7556}") = "API", "API\API.csproj", "{C3B2DC8B-CBD3-4DB2-B451-1718BCDFB517}"
EndProject
Global
	GlobalSection(SolutionConfigurationPlatforms) = preSolution
		Debug|Any CPU = Debug|Any CPU
		Release|Any CPU = Release|Any CPU
	EndGlobalSection
	GlobalSection(ProjectConfigurationPlatforms) = postSolution
		{C3B2DC8B-CBD3-4DB2-B451-1718BCDFB517}.Debug|Any CPU.ActiveCfg = Debug|Any CPU
		{C3B2DC8B-CBD3-4DB2-B451-1718BCDFB517}.Debug|Any CPU.Build.0 = Debug|Any CPU
		{C3B2DC8B-CBD3-4DB2-B451-1718BCDFB517}.Release|Any CPU.ActiveCfg = Release|Any CPU
		{C3B2DC8B-CBD3-4DB2-B451-1718BCDFB517}.Release|Any CPU.Build.0 = Release|Any CPU
	EndGlobalSection
	GlobalSection(SolutionProperties) = preSolution
		HideSolutionNode = FALSE
	EndGlobalSection
	GlobalSection(ExtensibilityGlobals) = postSolution
		SolutionGuid = {ECDB939C-F7E5-4135-A10E-E50901B8586A}
	EndGlobalSection
EndGlobal
